
Microsoft Visual Studio Solution File, Format Version 12.00
# Visual Studio 15
VisualStudioVersion = 15.0.26730.12
MinimumVisualStudioVersion = 10.0.40219.1
Project("{FAE04EC0-301F-11D3-BF4B-00C04F79EFBC}") = "ProgramList.Infragistics", "ProgramList.InfragisticsPOC\ProgramList.InfragisticsPOC.csproj", "{07A67620-A098-466C-B929-897D0E74E7ED}"
EndProject
Project("{FAE04EC0-301F-11D3-BF4B-00C04F79EFBC}") = "ProgramList.Common", "..\Common\ProgramList.Common\ProgramList.Common.csproj", "{5683E0EA-5B91-4346-AADA-D8832F213F2B}"
EndProject
Global
	GlobalSection(SolutionConfigurationPlatforms) = preSolution
		Debug|Any CPU = Debug|Any CPU
		DebugNoCA|Any CPU = DebugNoCA|Any CPU
		Release|Any CPU = Release|Any CPU
	EndGlobalSection
	GlobalSection(ProjectConfigurationPlatforms) = postSolution
		{07A67620-A098-466C-B929-897D0E74E7ED}.Debug|Any CPU.ActiveCfg = Debug|Any CPU
		{07A67620-A098-466C-B929-897D0E74E7ED}.Debug|Any CPU.Build.0 = Debug|Any CPU
		{07A67620-A098-466C-B929-897D0E74E7ED}.DebugNoCA|Any CPU.ActiveCfg = Debug|Any CPU
		{07A67620-A098-466C-B929-897D0E74E7ED}.DebugNoCA|Any CPU.Build.0 = Debug|Any CPU
		{07A67620-A098-466C-B929-897D0E74E7ED}.Release|Any CPU.ActiveCfg = Release|Any CPU
		{07A67620-A098-466C-B929-897D0E74E7ED}.Release|Any CPU.Build.0 = Release|Any CPU
		{5683E0EA-5B91-4346-AADA-D8832F213F2B}.Debug|Any CPU.ActiveCfg = Debug|Any CPU
		{5683E0EA-5B91-4346-AADA-D8832F213F2B}.Debug|Any CPU.Build.0 = Debug|Any CPU
		{5683E0EA-5B91-4346-AADA-D8832F213F2B}.DebugNoCA|Any CPU.ActiveCfg = DebugNoCA|Any CPU
		{5683E0EA-5B91-4346-AADA-D8832F213F2B}.DebugNoCA|Any CPU.Build.0 = DebugNoCA|Any CPU
		{5683E0EA-5B91-4346-AADA-D8832F213F2B}.Release|Any CPU.ActiveCfg = Release|Any CPU
		{5683E0EA-5B91-4346-AADA-D8832F213F2B}.Release|Any CPU.Build.0 = Release|Any CPU
	EndGlobalSection
	GlobalSection(SolutionProperties) = preSolution
		HideSolutionNode = FALSE
	EndGlobalSection
	GlobalSection(ExtensibilityGlobals) = postSolution
		SolutionGuid = {0BB9CF81-E65F-4C49-A3CC-CFFCA5CB8CF5}
	EndGlobalSection
EndGlobal
