
Microsoft Visual Studio Solution File, Format Version 12.00
# Visual Studio 15
VisualStudioVersion = 15.0.26730.8
MinimumVisualStudioVersion = 10.0.40219.1
Project("{FAE04EC0-301F-11D3-BF4B-00C04F79EFBC}") = "ProgramList.TelerikPOC", "ProgramList.TelerikPOC\ProgramList.TelerikPOC.csproj", "{5CC3D351-9301-411E-8E2C-F488A2A21262}"
EndProject
Project("{FAE04EC0-301F-11D3-BF4B-00C04F79EFBC}") = "ProgramList.Common", "ProgramList.Common\ProgramList.Common.csproj", "{5683E0EA-5B91-4346-AADA-D8832F213F2B}"
EndProject
Global
	GlobalSection(Performance) = preSolution
		HasPerformanceSessions = true
	EndGlobalSection
	GlobalSection(SolutionConfigurationPlatforms) = preSolution
		Debug|Any CPU = Debug|Any CPU
		DebugNoCA|Any CPU = DebugNoCA|Any CPU
		Release|Any CPU = Release|Any CPU
	EndGlobalSection
	GlobalSection(ProjectConfigurationPlatforms) = postSolution
		{5CC3D351-9301-411E-8E2C-F488A2A21262}.Debug|Any CPU.ActiveCfg = Debug|Any CPU
		{5CC3D351-9301-411E-8E2C-F488A2A21262}.Debug|Any CPU.Build.0 = Debug|Any CPU
		{5CC3D351-9301-411E-8E2C-F488A2A21262}.DebugNoCA|Any CPU.ActiveCfg = DebugNoCA|Any CPU
		{5CC3D351-9301-411E-8E2C-F488A2A21262}.DebugNoCA|Any CPU.Build.0 = DebugNoCA|Any CPU
		{5CC3D351-9301-411E-8E2C-F488A2A21262}.Release|Any CPU.ActiveCfg = Release|Any CPU
		{5CC3D351-9301-411E-8E2C-F488A2A21262}.Release|Any CPU.Build.0 = Release|Any CPU
		{5683E0EA-5B91-4346-AADA-D8832F213F2B}.Debug|Any CPU.ActiveCfg = Debug|Any CPU
		{5683E0EA-5B91-4346-AADA-D8832F213F2B}.Debug|Any CPU.Build.0 = Debug|Any CPU
		{5683E0EA-5B91-4346-AADA-D8832F213F2B}.DebugNoCA|Any CPU.ActiveCfg = DebugNoCA|Any CPU
		{5683E0EA-5B91-4346-AADA-D8832F213F2B}.DebugNoCA|Any CPU.Build.0 = DebugNoCA|Any CPU
		{5683E0EA-5B91-4346-AADA-D8832F213F2B}.Release|Any CPU.ActiveCfg = Release|Any CPU
		{5683E0EA-5B91-4346-AADA-D8832F213F2B}.Release|Any CPU.Build.0 = Release|Any CPU
	EndGlobalSection
	GlobalSection(SolutionProperties) = preSolution
		HideSolutionNode = FALSE
	EndGlobalSection
	GlobalSection(ExtensibilityGlobals) = postSolution
		SolutionGuid = {23491DE3-77BA-4B3A-B70D-4AE05D1750C3}
	EndGlobalSection
	GlobalSection(Performance) = preSolution
		HasPerformanceSessions = true
	EndGlobalSection
EndGlobal
