
Microsoft Visual Studio Solution File, Format Version 12.00
# Visual Studio 15
VisualStudioVersion = 15.0.27130.2027
MinimumVisualStudioVersion = 10.0.40219.1
Project("{FAE04EC0-301F-11D3-BF4B-00C04F79EFBC}") = "ProgramList.DevX", "ProgramList.DevX\ProgramList.DevX.csproj", "{3FC85F99-E0C5-418F-BDE3-204A2BA2975E}"
EndProject
Project("{FAE04EC0-301F-11D3-BF4B-00C04F79EFBC}") = "ProgramList.Common", "..\Common\ProgramList.Common\ProgramList.Common.csproj", "{5683E0EA-5B91-4346-AADA-D8832F213F2B}"
EndProject
Project("{FAE04EC0-301F-11D3-BF4B-00C04F79EFBC}") = "DevX.PerformanceTest", "DevX.PerformanceTest\DevX.PerformanceTest.csproj", "{53DE721C-F83E-4997-8CE9-E85F9CE5261D}"
EndProject
Global
	GlobalSection(SolutionConfigurationPlatforms) = preSolution
		Debug|Any CPU = Debug|Any CPU
		DebugNoCA|Any CPU = DebugNoCA|Any CPU
		Release|Any CPU = Release|Any CPU
	EndGlobalSection
	GlobalSection(ProjectConfigurationPlatforms) = postSolution
		{3FC85F99-E0C5-418F-BDE3-204A2BA2975E}.Debug|Any CPU.ActiveCfg = Debug|Any CPU
		{3FC85F99-E0C5-418F-BDE3-204A2BA2975E}.Debug|Any CPU.Build.0 = Debug|Any CPU
		{3FC85F99-E0C5-418F-BDE3-204A2BA2975E}.DebugNoCA|Any CPU.ActiveCfg = Debug|Any CPU
		{3FC85F99-E0C5-418F-BDE3-204A2BA2975E}.DebugNoCA|Any CPU.Build.0 = Debug|Any CPU
		{3FC85F99-E0C5-418F-BDE3-204A2BA2975E}.Release|Any CPU.ActiveCfg = Release|Any CPU
		{3FC85F99-E0C5-418F-BDE3-204A2BA2975E}.Release|Any CPU.Build.0 = Release|Any CPU
		{5683E0EA-5B91-4346-AADA-D8832F213F2B}.Debug|Any CPU.ActiveCfg = Debug|Any CPU
		{5683E0EA-5B91-4346-AADA-D8832F213F2B}.Debug|Any CPU.Build.0 = Debug|Any CPU
		{5683E0EA-5B91-4346-AADA-D8832F213F2B}.DebugNoCA|Any CPU.ActiveCfg = DebugNoCA|Any CPU
		{5683E0EA-5B91-4346-AADA-D8832F213F2B}.DebugNoCA|Any CPU.Build.0 = DebugNoCA|Any CPU
		{5683E0EA-5B91-4346-AADA-D8832F213F2B}.Release|Any CPU.ActiveCfg = Release|Any CPU
		{5683E0EA-5B91-4346-AADA-D8832F213F2B}.Release|Any CPU.Build.0 = Release|Any CPU
		{53DE721C-F83E-4997-8CE9-E85F9CE5261D}.Debug|Any CPU.ActiveCfg = Debug|Any CPU
		{53DE721C-F83E-4997-8CE9-E85F9CE5261D}.Debug|Any CPU.Build.0 = Debug|Any CPU
		{53DE721C-F83E-4997-8CE9-E85F9CE5261D}.DebugNoCA|Any CPU.ActiveCfg = Debug|Any CPU
		{53DE721C-F83E-4997-8CE9-E85F9CE5261D}.DebugNoCA|Any CPU.Build.0 = Debug|Any CPU
		{53DE721C-F83E-4997-8CE9-E85F9CE5261D}.Release|Any CPU.ActiveCfg = Release|Any CPU
		{53DE721C-F83E-4997-8CE9-E85F9CE5261D}.Release|Any CPU.Build.0 = Release|Any CPU
	EndGlobalSection
	GlobalSection(SolutionProperties) = preSolution
		HideSolutionNode = FALSE
	EndGlobalSection
	GlobalSection(ExtensibilityGlobals) = postSolution
		SolutionGuid = {366A83F9-4C10-4FD5-85EB-DE0A119E6130}
	EndGlobalSection
EndGlobal
